
Microsoft Visual Studio Solution File, Format Version 12.00
# Visual Studio Version 17
VisualStudioVersion = 17.14.36109.1 d17.14
MinimumVisualStudioVersion = 10.0.40219.1
Project("{FAE04EC0-301F-11D3-BF4B-00C04F79EFBC}") = "UsingContextPooling", "UsingContextPooling\UsingContextPooling.csproj", "{EDA46951-BD06-465D-9BB0-DA0384F188EB}"
EndProject
Global
	GlobalSection(SolutionConfigurationPlatforms) = preSolution
		Debug|Any CPU = Debug|Any CPU
		Release|Any CPU = Release|Any CPU
	EndGlobalSection
	GlobalSection(ProjectConfigurationPlatforms) = postSolution
		{EDA46951-BD06-465D-9BB0-DA0384F188EB}.Debug|Any CPU.ActiveCfg = Debug|Any CPU
		{EDA46951-BD06-465D-9BB0-DA0384F188EB}.Debug|Any CPU.Build.0 = Debug|Any CPU
		{EDA46951-BD06-465D-9BB0-DA0384F188EB}.Release|Any CPU.ActiveCfg = Release|Any CPU
		{EDA46951-BD06-465D-9BB0-DA0384F188EB}.Release|Any CPU.Build.0 = Release|Any CPU
	EndGlobalSection
	GlobalSection(SolutionProperties) = preSolution
		HideSolutionNode = FALSE
	EndGlobalSection
	GlobalSection(ExtensibilityGlobals) = postSolution
		SolutionGuid = {5585DB9F-7C41-430A-9A66-57F797105087}
	EndGlobalSection
EndGlobal
