
Microsoft Visual Studio Solution File, Format Version 12.00
# Visual Studio Version 17
VisualStudioVersion = 17.14.36109.1 d17.14
MinimumVisualStudioVersion = 10.0.40219.1
Project("{FAE04EC0-301F-11D3-BF4B-00C04F79EFBC}") = "ByConvention", "ByConvention\ByConvention.csproj", "{2CA95582-CE31-4FB9-9B02-4FBBA71149DD}"
EndProject
Global
	GlobalSection(SolutionConfigurationPlatforms) = preSolution
		Debug|Any CPU = Debug|Any CPU
		Release|Any CPU = Release|Any CPU
	EndGlobalSection
	GlobalSection(ProjectConfigurationPlatforms) = postSolution
		{2CA95582-CE31-4FB9-9B02-4FBBA71149DD}.Debug|Any CPU.ActiveCfg = Debug|Any CPU
		{2CA95582-CE31-4FB9-9B02-4FBBA71149DD}.Debug|Any CPU.Build.0 = Debug|Any CPU
		{2CA95582-CE31-4FB9-9B02-4FBBA71149DD}.Release|Any CPU.ActiveCfg = Release|Any CPU
		{2CA95582-CE31-4FB9-9B02-4FBBA71149DD}.Release|Any CPU.Build.0 = Release|Any CPU
	EndGlobalSection
	GlobalSection(SolutionProperties) = preSolution
		HideSolutionNode = FALSE
	EndGlobalSection
	GlobalSection(ExtensibilityGlobals) = postSolution
		SolutionGuid = {1E13AB4F-AF47-4C8E-AB99-D6C7E8481438}
	EndGlobalSection
EndGlobal
