
Microsoft Visual Studio Solution File, Format Version 12.00
# Visual Studio Version 17
VisualStudioVersion = 17.14.36109.1 d17.14
MinimumVisualStudioVersion = 10.0.40219.1
Project("{FAE04EC0-301F-11D3-BF4B-00C04F79EFBC}") = "ConsoleApp1", "ConsoleApp1\ConsoleApp1.csproj", "{4D17CE67-473A-44BF-92B5-E42EE765461F}"
EndProject
Global
	GlobalSection(SolutionConfigurationPlatforms) = preSolution
		Debug|Any CPU = Debug|Any CPU
		Release|Any CPU = Release|Any CPU
	EndGlobalSection
	GlobalSection(ProjectConfigurationPlatforms) = postSolution
		{4D17CE67-473A-44BF-92B5-E42EE765461F}.Debug|Any CPU.ActiveCfg = Debug|Any CPU
		{4D17CE67-473A-44BF-92B5-E42EE765461F}.Debug|Any CPU.Build.0 = Debug|Any CPU
		{4D17CE67-473A-44BF-92B5-E42EE765461F}.Release|Any CPU.ActiveCfg = Release|Any CPU
		{4D17CE67-473A-44BF-92B5-E42EE765461F}.Release|Any CPU.Build.0 = Release|Any CPU
	EndGlobalSection
	GlobalSection(SolutionProperties) = preSolution
		HideSolutionNode = FALSE
	EndGlobalSection
	GlobalSection(ExtensibilityGlobals) = postSolution
		SolutionGuid = {C0EC038B-5171-4EB1-8090-3D9E7C6A63F0}
	EndGlobalSection
EndGlobal
